
Microsoft Visual Studio Solution File, Format Version 12.00
# Visual Studio Version 17
VisualStudioVersion = 17.14.36518.9 d17.14
MinimumVisualStudioVersion = 10.0.40219.1
Project("{FAE04EC0-301F-11D3-BF4B-00C04F79EFBC}") = "OfferManagerDemoApp", "OfferManagerDemoApp.csproj", "{BEED3B86-1177-6BD3-7E8D-C977C1BFD9B3}"
EndProject
Global
	GlobalSection(SolutionConfigurationPlatforms) = preSolution
		Debug|Any CPU = Debug|Any CPU
		Release|Any CPU = Release|Any CPU
	EndGlobalSection
	GlobalSection(ProjectConfigurationPlatforms) = postSolution
		{BEED3B86-1177-6BD3-7E8D-C977C1BFD9B3}.Debug|Any CPU.ActiveCfg = Debug|Any CPU
		{BEED3B86-1177-6BD3-7E8D-C977C1BFD9B3}.Debug|Any CPU.Build.0 = Debug|Any CPU
		{BEED3B86-1177-6BD3-7E8D-C977C1BFD9B3}.Release|Any CPU.ActiveCfg = Release|Any CPU
		{BEED3B86-1177-6BD3-7E8D-C977C1BFD9B3}.Release|Any CPU.Build.0 = Release|Any CPU
	EndGlobalSection
	GlobalSection(SolutionProperties) = preSolution
		HideSolutionNode = FALSE
	EndGlobalSection
	GlobalSection(ExtensibilityGlobals) = postSolution
		SolutionGuid = {0E6BB49D-6CD9-4A9E-BC6E-626C51233D6D}
	EndGlobalSection
EndGlobal
